
Microsoft Visual Studio Solution File, Format Version 12.00
# Visual Studio Version 17
VisualStudioVersion = 17.8.34330.188
MinimumVisualStudioVersion = 10.0.40219.1
Project("{9A19103F-16F7-4668-BE54-9A1E7A4F7556}") = "XFEExtension.NetCore.InputSimulator", "XFEExtension.NetCore.InputSimulator\XFEExtension.NetCore.InputSimulator.csproj", "{A7146E68-D79B-4EB5-B334-8414656E096E}"
EndProject
Global
	GlobalSection(SolutionConfigurationPlatforms) = preSolution
		Debug|Any CPU = Debug|Any CPU
		Release|Any CPU = Release|Any CPU
	EndGlobalSection
	GlobalSection(ProjectConfigurationPlatforms) = postSolution
		{A7146E68-D79B-4EB5-B334-8414656E096E}.Debug|Any CPU.ActiveCfg = Debug|Any CPU
		{A7146E68-D79B-4EB5-B334-8414656E096E}.Debug|Any CPU.Build.0 = Debug|Any CPU
		{A7146E68-D79B-4EB5-B334-8414656E096E}.Release|Any CPU.ActiveCfg = Release|Any CPU
		{A7146E68-D79B-4EB5-B334-8414656E096E}.Release|Any CPU.Build.0 = Release|Any CPU
	EndGlobalSection
	GlobalSection(SolutionProperties) = preSolution
		HideSolutionNode = FALSE
	EndGlobalSection
	GlobalSection(ExtensibilityGlobals) = postSolution
		SolutionGuid = {0B26759B-4DC9-49F7-ABB0-5DCC68589657}
	EndGlobalSection
EndGlobal
